
Microsoft Visual Studio Solution File, Format Version 12.00
# Visual Studio 14
VisualStudioVersion = 14.0.25420.1
MinimumVisualStudioVersion = 10.0.40219.1
Project("{2150E333-8FDC-42A3-9474-1A3956D46DE8}") = "src", "src", "{D804054B-19C9-4293-850D-3EE25BC7C96E}"
EndProject
Project("{2150E333-8FDC-42A3-9474-1A3956D46DE8}") = "Solution Items", "Solution Items", "{B94F11BC-1AA6-457F-8295-31E006026A02}"
	ProjectSection(SolutionItems) = preProject
		global.json = global.json
	EndProjectSection
EndProject
Project("{8BB2217D-0F2D-49D1-97BC-3654ED321F3B}") = "Facts", "src\Facts\Facts.xproj", "{0CA1C5F6-2AC7-4D50-8CF1-7874B2B759A2}"
EndProject
Global
	GlobalSection(SolutionConfigurationPlatforms) = preSolution
		Debug|Any CPU = Debug|Any CPU
		Release|Any CPU = Release|Any CPU
	EndGlobalSection
	GlobalSection(ProjectConfigurationPlatforms) = postSolution
		{0CA1C5F6-2AC7-4D50-8CF1-7874B2B759A2}.Debug|Any CPU.ActiveCfg = Debug|Any CPU
		{0CA1C5F6-2AC7-4D50-8CF1-7874B2B759A2}.Debug|Any CPU.Build.0 = Debug|Any CPU
		{0CA1C5F6-2AC7-4D50-8CF1-7874B2B759A2}.Release|Any CPU.ActiveCfg = Release|Any CPU
		{0CA1C5F6-2AC7-4D50-8CF1-7874B2B759A2}.Release|Any CPU.Build.0 = Release|Any CPU
	EndGlobalSection
	GlobalSection(SolutionProperties) = preSolution
		HideSolutionNode = FALSE
	EndGlobalSection
	GlobalSection(NestedProjects) = preSolution
		{0CA1C5F6-2AC7-4D50-8CF1-7874B2B759A2} = {D804054B-19C9-4293-850D-3EE25BC7C96E}
	EndGlobalSection
EndGlobal
